Microsoft Visual Studio Solution File, Format Version 12.00
# Visual Studio Version 16
VisualStudioVersion = 16.0.30128.74
MinimumVisualStudioVersion = 10.0.40219.1
Project("{9A19103F-16F7-4668-BE54-9A1E7A4F7556}") = "EvictionCaseFilingAPI", "EvictionCaseFilingAPI\EvictionCaseFilingAPI.csproj", "{F1C44B3E-9E1B-4A3E-95C5-5F5F5F5F5F5F}"
EndProject
Global
	GlobalSection(SolutionConfigurationPlatforms) = preSolution
		Debug|Any CPU = Debug|Any CPU
		Release|Any CPU = Release|Any CPU
	EndGlobalSection
	GlobalSection(ProjectConfigurationPlatforms) = postSolution
		{F1C44B3E-9E1B-4A3E-95C5-5F5F5F5F5F5F}.Debug|Any CPU.ActiveCfg = Debug|Any CPU
		{F1C44B3E-9E1B-4A3E-95C5-5F5F5F5F5F5F}.Debug|Any CPU.Build.0 = Debug|Any CPU
		{F1C44B3E-9E1B-4A3E-95C5-5F5F5F5F5F5F}.Release|Any CPU.ActiveCfg = Release|Any CPU
		{F1C44B3E-9E1B-4A3E-95C5-5F5F5F5F5F5F}.Release|Any CPU.Build.0 = Release|Any CPU
	EndGlobalSection
	GlobalSection(SolutionProperties) = preSolution
		HideSolutionNode = FALSE
	EndGlobalSection
	GlobalSection(ExtensibilityGlobals) = postSolution
		SolutionGuid = {A5E4D4D4-C3B2-4A1E-9D8C-7B6A5C4D3E2F}
	EndGlobalSection
EndGlobal